{
  "version": 4,
  "terraform_version": "1.3.8",
  "serial": 31,
  "lineage": "66df80a8-f3d1-b639-7c39-67350f1d7f6c",
  "outputs": {},
  "resources": [
    {
      "mode": "managed",
      "type": "postgresql_database",
      "name": "example_db",
      "provider": "provider[\"registry.terraform.io/cyrilgdn/postgresql\"]",
      "instances": [
        {
          "schema_version": 0,
          "attributes": {
            "allow_connections": true,
            "connection_limit": -1,
            "encoding": "UTF8",
            "id": "example_db",
            "is_template": false,
            "lc_collate": "en_US.UTF-8",
            "lc_ctype": "en_US.UTF-8",
            "name": "example_db",
            "owner": "postgres",
            "tablespace_name": "pg_default",
            "template": "template0"
          },
          "sensitive_attributes": [],
          "private": "bnVsbA=="
        }
      ]
    },
    {
      "mode": "managed",
      "type": "postgresql_grant",
      "name": "example_user_privs",
      "provider": "provider[\"registry.terraform.io/cyrilgdn/postgresql\"]",
      "instances": [
        {
          "schema_version": 0,
          "attributes": {
            "database": "example_db",
            "id": "example_user_example_db_database",
            "object_type": "database",
            "objects": null,
            "privileges": [
              "ALL"
            ],
            "role": "example_user",
            "schema": null,
            "with_grant_option": false
          },
          "sensitive_attributes": [],
          "private": "bnVsbA==",
          "dependencies": [
            "postgresql_database.example_db",
            "postgresql_role.example_user"
          ]
        }
      ]
    },
    {
      "mode": "managed",
      "type": "postgresql_role",
      "name": "example_user",
      "provider": "provider[\"registry.terraform.io/cyrilgdn/postgresql\"]",
      "instances": [
        {
          "schema_version": 0,
          "attributes": {
            "assume_role": "",
            "bypass_row_level_security": false,
            "connection_limit": -1,
            "create_database": false,
            "create_role": false,
            "encrypted": null,
            "encrypted_password": true,
            "id": "example_user",
            "idle_in_transaction_session_timeout": 0,
            "inherit": true,
            "login": false,
            "name": "example_user",
            "password": "example_password",
            "replication": false,
            "roles": [],
            "search_path": [],
            "skip_drop_role": false,
            "skip_reassign_owned": false,
            "statement_timeout": 0,
            "superuser": false,
            "valid_until": "infinity"
          },
          "sensitive_attributes": [],
          "private": "bnVsbA=="
        }
      ]
    },
    {
      "mode": "managed",
      "type": "postgresql_schema",
      "name": "example_schema",
      "provider": "provider[\"registry.terraform.io/cyrilgdn/postgresql\"]",
      "instances": [
        {
          "schema_version": 0,
          "attributes": {
            "database": "example_db",
            "drop_cascade": false,
            "id": "example_db.example_schema",
            "if_not_exists": true,
            "name": "example_schema",
            "owner": "postgres",
            "policy": [
              {
                "create": false,
                "create_with_grant": false,
                "role": "",
                "usage": true,
                "usage_with_grant": false
              }
            ]
          },
          "sensitive_attributes": [],
          "private": "bnVsbA=="
        }
      ]
    }
  ],
  "check_results": null
}
